{
  "name": "hasankayan.net",
  "lockfileVersion": 3,
  "requires": true,
  "packages": {
    "": {
      "dependencies": {
        "rive-react": "^4.2.1"
      }
    },
    "node_modules/@rive-app/canvas": {
      "version": "2.3.1",
      "resolved": "https://registry.npmjs.org/@rive-app/canvas/-/canvas-2.3.1.tgz",
      "integrity": "sha512-WI4gNUkxPoYCMEHWx9nRSOz2/OijRn+RO0DZHqv/cO60Amak9laKErdvRL4tWgbAkW1KkmCmm063/gi5gaS6lA=="
    },
    "node_modules/@rive-app/webgl": {
      "version": "2.3.1",
      "resolved": "https://registry.npmjs.org/@rive-app/webgl/-/webgl-2.3.1.tgz",
      "integrity": "sha512-pRnwEIGcpo1xAQUPAp6rImmWfBlVsJ4fheCa4GXDJRLoG7p3XmtXFeaEp+7Rm5fsAjy9IAz5s6qwREDf6bqv6Q=="
    },
    "node_modules/js-tokens": {
      "version": "4.0.0",
      "resolved": "https://registry.npmjs.org/js-tokens/-/js-tokens-4.0.0.tgz",
      "integrity": "sha512-RdJUflcE3cUzKiMqQgsCu06FPu9UdIJO0beYbPhHN4k6apgJtifcoCtT9bcxOpYBtpD2kCM6Sbzg4CausW/PKQ==",
      "peer": true
    },
    "node_modules/loose-envify": {
      "version": "1.4.0",
      "resolved": "https://registry.npmjs.org/loose-envify/-/loose-envify-1.4.0.tgz",
      "integrity": "sha512-lyuxPGr/Wfhrlem2CL/UcnUc1zcqKAImBDzukY7Y5F/yQiNdko6+fRLevlw1HgMySw7f611UIY408EtxRSoK3Q==",
      "peer": true,
      "dependencies": {
        "js-tokens": "^3.0.0 || ^4.0.0"
      },
      "bin": {
        "loose-envify": "cli.js"
      }
    },
    "node_modules/react": {
      "version": "18.2.0",
      "resolved": "https://registry.npmjs.org/react/-/react-18.2.0.tgz",
      "integrity": "sha512-/3IjMdb2L9QbBdWiW5e3P2/npwMBaU9mHCSCUzNln0ZCYbcfTsGbTJrU/kGemdH2IWmB2ioZ+zkxtmq6g09fGQ==",
      "peer": true,
      "dependencies": {
        "loose-envify": "^1.1.0"
      },
      "engines": {
        "node": ">=0.10.0"
      }
    },
    "node_modules/rive-react": {
      "version": "4.2.1",
      "resolved": "https://registry.npmjs.org/rive-react/-/rive-react-4.2.1.tgz",
      "integrity": "sha512-ww2VMPRSm29dy/RDP8JoLFotpbAO7TWhyRjU98lAR9SGxeqa9HNV8O17pGao7t14DL6dqvTGxThtlIxANt32tA==",
      "dependencies": {
        "@rive-app/canvas": "2.3.1",
        "@rive-app/webgl": "2.3.1"
      },
      "peerDependencies": {
        "react": "^16.8.0 || ^17.0.0 || ^18.0.0"
      }
    }
  }
}
